
Microsoft Visual Studio Solution File, Format Version 12.00
# Visual Studio Version 17
VisualStudioVersion = 17.9.34607.119
MinimumVisualStudioVersion = 10.0.40219.1
Project("{9A19103F-16F7-4668-BE54-9A1E7A4F7556}") = "Bookinist-Store", "Bookinist-Store\Bookinist-Store.csproj", "{1CFCC2C3-3AE5-44F7-8AC5-ADA705C074C3}"
EndProject
Project("{FAE04EC0-301F-11D3-BF4B-00C04F79EFBC}") = "Bookinist.DAL", "Bookinist.DAL\Bookinist.DAL.csproj", "{4BAD7CB6-AEEB-4BEC-93DF-1F935E7B4632}"
EndProject
Global
	GlobalSection(SolutionConfigurationPlatforms) = preSolution
		Debug|Any CPU = Debug|Any CPU
		Release|Any CPU = Release|Any CPU
	EndGlobalSection
	GlobalSection(ProjectConfigurationPlatforms) = postSolution
		{1CFCC2C3-3AE5-44F7-8AC5-ADA705C074C3}.Debug|Any CPU.ActiveCfg = Debug|Any CPU
		{1CFCC2C3-3AE5-44F7-8AC5-ADA705C074C3}.Debug|Any CPU.Build.0 = Debug|Any CPU
		{1CFCC2C3-3AE5-44F7-8AC5-ADA705C074C3}.Release|Any CPU.ActiveCfg = Release|Any CPU
		{1CFCC2C3-3AE5-44F7-8AC5-ADA705C074C3}.Release|Any CPU.Build.0 = Release|Any CPU
		{4BAD7CB6-AEEB-4BEC-93DF-1F935E7B4632}.Debug|Any CPU.ActiveCfg = Debug|Any CPU
		{4BAD7CB6-AEEB-4BEC-93DF-1F935E7B4632}.Debug|Any CPU.Build.0 = Debug|Any CPU
		{4BAD7CB6-AEEB-4BEC-93DF-1F935E7B4632}.Release|Any CPU.ActiveCfg = Release|Any CPU
		{4BAD7CB6-AEEB-4BEC-93DF-1F935E7B4632}.Release|Any CPU.Build.0 = Release|Any CPU
	EndGlobalSection
	GlobalSection(SolutionProperties) = preSolution
		HideSolutionNode = FALSE
	EndGlobalSection
	GlobalSection(ExtensibilityGlobals) = postSolution
		SolutionGuid = {47F9DE28-A499-4945-A535-DB9948E47BE2}
	EndGlobalSection
EndGlobal
